
Microsoft Visual Studio Solution File, Format Version 12.00
# Visual Studio Version 17
VisualStudioVersion = 17.7.34202.233
MinimumVisualStudioVersion = 10.0.40219.1
Project("{FAE04EC0-301F-11D3-BF4B-00C04F79EFBC}") = "Görsel Programlama Hafta 1", "Görsel Programlama Hafta 1.csproj", "{78DE50FB-33E6-4033-A7BC-83D43E44852D}"
EndProject
Global
	GlobalSection(SolutionConfigurationPlatforms) = preSolution
		Debug|Any CPU = Debug|Any CPU
		Release|Any CPU = Release|Any CPU
	EndGlobalSection
	GlobalSection(ProjectConfigurationPlatforms) = postSolution
		{78DE50FB-33E6-4033-A7BC-83D43E44852D}.Debug|Any CPU.ActiveCfg = Debug|Any CPU
		{78DE50FB-33E6-4033-A7BC-83D43E44852D}.Debug|Any CPU.Build.0 = Debug|Any CPU
		{78DE50FB-33E6-4033-A7BC-83D43E44852D}.Release|Any CPU.ActiveCfg = Release|Any CPU
		{78DE50FB-33E6-4033-A7BC-83D43E44852D}.Release|Any CPU.Build.0 = Release|Any CPU
	EndGlobalSection
	GlobalSection(SolutionProperties) = preSolution
		HideSolutionNode = FALSE
	EndGlobalSection
	GlobalSection(ExtensibilityGlobals) = postSolution
		SolutionGuid = {1D048EF0-E24F-492B-93F7-4D88E1FDF2FE}
	EndGlobalSection
EndGlobal
