
Microsoft Visual Studio Solution File, Format Version 12.00
# Visual Studio Version 17
VisualStudioVersion = 17.7.34202.233
MinimumVisualStudioVersion = 10.0.40219.1
Project("{FAE04EC0-301F-11D3-BF4B-00C04F79EFBC}") = "Uygulama3", "Uygulama3.csproj", "{666B184D-0370-47E9-9D5C-1B87E6AA96BE}"
EndProject
Global
	GlobalSection(SolutionConfigurationPlatforms) = preSolution
		Debug|Any CPU = Debug|Any CPU
		Release|Any CPU = Release|Any CPU
	EndGlobalSection
	GlobalSection(ProjectConfigurationPlatforms) = postSolution
		{666B184D-0370-47E9-9D5C-1B87E6AA96BE}.Debug|Any CPU.ActiveCfg = Debug|Any CPU
		{666B184D-0370-47E9-9D5C-1B87E6AA96BE}.Debug|Any CPU.Build.0 = Debug|Any CPU
		{666B184D-0370-47E9-9D5C-1B87E6AA96BE}.Release|Any CPU.ActiveCfg = Release|Any CPU
		{666B184D-0370-47E9-9D5C-1B87E6AA96BE}.Release|Any CPU.Build.0 = Release|Any CPU
	EndGlobalSection
	GlobalSection(SolutionProperties) = preSolution
		HideSolutionNode = FALSE
	EndGlobalSection
	GlobalSection(ExtensibilityGlobals) = postSolution
		SolutionGuid = {E1DFACED-AF48-4574-9744-DAE3DF1E194C}
	EndGlobalSection
EndGlobal
